
Microsoft Visual Studio Solution File, Format Version 12.00
# Visual Studio Version 16
VisualStudioVersion = 16.0.31005.135
MinimumVisualStudioVersion = 10.0.40219.1
Project("{9A19103F-16F7-4668-BE54-9A1E7A4F7556}") = "Server1", "Server1\Server1.csproj", "{F71C06CC-18CA-4174-8D23-967E147F231A}"
EndProject
Project("{FAE04EC0-301F-11D3-BF4B-00C04F79EFBC}") = "Server2", "..\Server2\Server2.csproj", "{C693ABBC-EDA1-45C1-BCF8-EC0E77057A93}"
EndProject
Global
	GlobalSection(SolutionConfigurationPlatforms) = preSolution
		Debug|Any CPU = Debug|Any CPU
		Release|Any CPU = Release|Any CPU
	EndGlobalSection
	GlobalSection(ProjectConfigurationPlatforms) = postSolution
		{F71C06CC-18CA-4174-8D23-967E147F231A}.Debug|Any CPU.ActiveCfg = Debug|Any CPU
		{F71C06CC-18CA-4174-8D23-967E147F231A}.Debug|Any CPU.Build.0 = Debug|Any CPU
		{F71C06CC-18CA-4174-8D23-967E147F231A}.Release|Any CPU.ActiveCfg = Release|Any CPU
		{F71C06CC-18CA-4174-8D23-967E147F231A}.Release|Any CPU.Build.0 = Release|Any CPU
		{C693ABBC-EDA1-45C1-BCF8-EC0E77057A93}.Debug|Any CPU.ActiveCfg = Debug|Any CPU
		{C693ABBC-EDA1-45C1-BCF8-EC0E77057A93}.Debug|Any CPU.Build.0 = Debug|Any CPU
		{C693ABBC-EDA1-45C1-BCF8-EC0E77057A93}.Release|Any CPU.ActiveCfg = Release|Any CPU
		{C693ABBC-EDA1-45C1-BCF8-EC0E77057A93}.Release|Any CPU.Build.0 = Release|Any CPU
	EndGlobalSection
	GlobalSection(SolutionProperties) = preSolution
		HideSolutionNode = FALSE
	EndGlobalSection
	GlobalSection(ExtensibilityGlobals) = postSolution
		SolutionGuid = {EFFA4870-AD53-44D2-A1B6-83DC8B2A8DB6}
	EndGlobalSection
EndGlobal
